{
    "_readme": [
        "This file locks the dependencies of your project to a known state",
        "Read more about it at https://getcomposer.org/doc/01-basic-usage.md#installing-dependencies",
        "This file is @generated automatically"
    ],
    "content-hash": "9fa1cbe9e813ed9dce2f0a5418ecd83a",
    "packages": [],
    "packages-dev": [
        {
            "name": "nikic/php-parser",
            "version": "v5.7.0",
            "source": {
                "type": "git",
                "url": "https://github.com/nikic/PHP-Parser.git",
                "reference": "dca41cd15c2ac9d055ad70dbfd011130757d1f82"
            },
            "dist": {
                "type": "zip",
                "url": "https://api.github.com/repos/nikic/PHP-Parser/zipball/dca41cd15c2ac9d055ad70dbfd011130757d1f82",
                "reference": "dca41cd15c2ac9d055ad70dbfd011130757d1f82",
                "shasum": ""
            },
            "require": {
                "ext-ctype": "*",
                "ext-json": "*",
                "ext-tokenizer": "*",
                "php": ">=7.4"
            },
            "require-dev": {
                "ircmaxell/php-yacc": "^0.0.7",
                "phpunit/phpunit": "^9.0"
            },
            "bin": [
                "bin/php-parse"
            ],
            "type": "library",
            "extra": {
                "branch-alias": {
                    "dev-master": "5.x-dev"
                }
            },
            "autoload": {
                "psr-4": {
                    "PhpParser\\": "lib/PhpParser"
                }
            },
            "notification-url": "https://packagist.org/downloads/",
            "license": [
                "BSD-3-Clause"
            ],
            "authors": [
                {
                    "name": "Nikita Popov"
                }
            ],
            "description": "A PHP parser written in PHP",
            "keywords": [
                "parser",
                "php"
            ],
            "support": {
                "issues": "https://github.com/nikic/PHP-Parser/issues",
                "source": "https://github.com/nikic/PHP-Parser/tree/v5.7.0"
            },
            "time": "2025-12-06T11:56:16+00:00"
        },
        {
            "name": "phpstan/phpstan",
            "version": "2.1.46",
            "dist": {
                "type": "zip",
                "url": "https://api.github.com/repos/phpstan/phpstan/zipball/a193923fc2d6325ef4e741cf3af8c3e8f54dbf25",
                "reference": "a193923fc2d6325ef4e741cf3af8c3e8f54dbf25",
                "shasum": ""
            },
            "require": {
                "php": "^7.4|^8.0"
            },
            "conflict": {
                "phpstan/phpstan-shim": "*"
            },
            "bin": [
                "phpstan",
                "phpstan.phar"
            ],
            "type": "library",
            "autoload": {
                "files": [
                    "bootstrap.php"
                ]
            },
            "notification-url": "https://packagist.org/downloads/",
            "license": [
                "MIT"
            ],
            "description": "PHPStan - PHP Static Analysis Tool",
            "keywords": [
                "dev",
                "static analysis"
            ],
            "support": {
                "docs": "https://phpstan.org/user-guide/getting-started",
                "forum": "https://github.com/phpstan/phpstan/discussions",
                "issues": "https://github.com/phpstan/phpstan/issues",
                "security": "https://github.com/phpstan/phpstan/security/policy",
                "source": "https://github.com/phpstan/phpstan-src"
            },
            "funding": [
                {
                    "url": "https://github.com/ondrejmirtes",
                    "type": "github"
                },
                {
                    "url": "https://github.com/phpstan",
                    "type": "github"
                }
            ],
            "time": "2026-04-01T09:25:14+00:00"
        },
        {
            "name": "rector/rector",
            "version": "2.3.9",
            "source": {
                "type": "git",
                "url": "https://github.com/rectorphp/rector.git",
                "reference": "917842143fd9f5331a2adefc214b8d7143bd32c4"
            },
            "dist": {
                "type": "zip",
                "url": "https://api.github.com/repos/rectorphp/rector/zipball/917842143fd9f5331a2adefc214b8d7143bd32c4",
                "reference": "917842143fd9f5331a2adefc214b8d7143bd32c4",
                "shasum": ""
            },
            "require": {
                "php": "^7.4|^8.0",
                "phpstan/phpstan": "^2.1.40"
            },
            "conflict": {
                "rector/rector-doctrine": "*",
                "rector/rector-downgrade-php": "*",
                "rector/rector-phpunit": "*",
                "rector/rector-symfony": "*"
            },
            "suggest": {
                "ext-dom": "To manipulate phpunit.xml via the custom-rule command"
            },
            "bin": [
                "bin/rector"
            ],
            "type": "library",
            "autoload": {
                "files": [
                    "bootstrap.php"
                ]
            },
            "notification-url": "https://packagist.org/downloads/",
            "license": [
                "MIT"
            ],
            "description": "Instant Upgrade and Automated Refactoring of any PHP code",
            "homepage": "https://getrector.com/",
            "keywords": [
                "automation",
                "dev",
                "migration",
                "refactoring"
            ],
            "support": {
                "issues": "https://github.com/rectorphp/rector/issues",
                "source": "https://github.com/rectorphp/rector/tree/2.3.9"
            },
            "funding": [
                {
                    "url": "https://github.com/tomasvotruba",
                    "type": "github"
                }
            ],
            "time": "2026-03-16T09:43:55+00:00"
        },
        {
            "name": "savinmikhail/add_named_arguments_rector",
            "version": "v0.1.25",
            "source": {
                "type": "git",
                "url": "https://github.com/savinmikhail/AddNamedArgumentsRector.git",
                "reference": "71aa7a2b1ee93a9f18b12b183979b2b9d214a46e"
            },
            "dist": {
                "type": "zip",
                "url": "https://api.github.com/repos/savinmikhail/AddNamedArgumentsRector/zipball/71aa7a2b1ee93a9f18b12b183979b2b9d214a46e",
                "reference": "71aa7a2b1ee93a9f18b12b183979b2b9d214a46e",
                "shasum": ""
            },
            "require": {
                "nikic/php-parser": "^4.19.4 || ^5.1",
                "php": ">=8.2",
                "phpstan/phpstan": "^2.1.5",
                "rector/rector": "^2.0.9",
                "symplify/rule-doc-generator-contracts": "^11.2",
                "webmozart/assert": "^1.11"
            },
            "require-dev": {
                "ergebnis/composer-normalize": "^2.45",
                "friendsofphp/php-cs-fixer": "^3.68.5",
                "icanhazstring/composer-unused": "^0.8.11",
                "maglnet/composer-require-checker": "^4.15",
                "phpunit/phpunit": "^10.5.45",
                "phpyh/coding-standard": "^2.6.2",
                "savinmikhail/dist-size-optimizer": "^0.2.4"
            },
            "type": "rector-extension",
            "autoload": {
                "psr-4": {
                    "SavinMikhail\\AddNamedArgumentsRector\\": "src/"
                }
            },
            "notification-url": "https://packagist.org/downloads/",
            "license": [
                "MIT"
            ],
            "authors": [
                {
                    "name": "Savin Mikhail",
                    "email": "mikhail.d.savin@gmail.com"
                }
            ],
            "description": "Rector rule to add names to arguments for functions'/methods' calls",
            "keywords": [
                "dev",
                "static analysis"
            ],
            "support": {
                "issues": "https://github.com/savinmikhail/AddNamedArgumentsRector/issues",
                "source": "https://github.com/savinmikhail/AddNamedArgumentsRector/tree/v0.1.25"
            },
            "time": "2026-03-19T14:40:48+00:00"
        },
        {
            "name": "symplify/rule-doc-generator-contracts",
            "version": "11.2.0",
            "source": {
                "type": "git",
                "url": "https://github.com/symplify/rule-doc-generator-contracts.git",
                "reference": "479cfcfd46047f80624aba931d9789e50475b5c6"
            },
            "dist": {
                "type": "zip",
                "url": "https://api.github.com/repos/symplify/rule-doc-generator-contracts/zipball/479cfcfd46047f80624aba931d9789e50475b5c6",
                "reference": "479cfcfd46047f80624aba931d9789e50475b5c6",
                "shasum": ""
            },
            "require": {
                "php": ">=8.1"
            },
            "require-dev": {
                "php-parallel-lint/php-parallel-lint": "^1.3",
                "phpstan/extension-installer": "^1.2",
                "rector/rector": "^0.15.10",
                "symplify/easy-ci": "^11.1",
                "symplify/easy-coding-standard": "^11.1",
                "symplify/easy-testing": "^11.1",
                "symplify/phpstan-extensions": "^11.1",
                "symplify/phpstan-rules": "11.2.3.72",
                "tomasvotruba/unused-public": "^0.0.34"
            },
            "type": "library",
            "extra": {
                "branch-alias": {
                    "dev-main": "11.2-dev"
                }
            },
            "autoload": {
                "psr-4": {
                    "Symplify\\RuleDocGenerator\\": "src"
                }
            },
            "notification-url": "https://packagist.org/downloads/",
            "license": [
                "MIT"
            ],
            "description": "Contracts for production code of RuleDocGenerator",
            "support": {
                "source": "https://github.com/symplify/rule-doc-generator-contracts/tree/11.2.0"
            },
            "funding": [
                {
                    "url": "https://www.paypal.me/rectorphp",
                    "type": "custom"
                },
                {
                    "url": "https://github.com/tomasvotruba",
                    "type": "github"
                }
            ],
            "time": "2024-03-18T22:02:54+00:00"
        },
        {
            "name": "webmozart/assert",
            "version": "1.12.1",
            "source": {
                "type": "git",
                "url": "https://github.com/webmozarts/assert.git",
                "reference": "9be6926d8b485f55b9229203f962b51ed377ba68"
            },
            "dist": {
                "type": "zip",
                "url": "https://api.github.com/repos/webmozarts/assert/zipball/9be6926d8b485f55b9229203f962b51ed377ba68",
                "reference": "9be6926d8b485f55b9229203f962b51ed377ba68",
                "shasum": ""
            },
            "require": {
                "ext-ctype": "*",
                "ext-date": "*",
                "ext-filter": "*",
                "php": "^7.2 || ^8.0"
            },
            "suggest": {
                "ext-intl": "",
                "ext-simplexml": "",
                "ext-spl": ""
            },
            "type": "library",
            "extra": {
                "branch-alias": {
                    "dev-master": "1.10-dev"
                }
            },
            "autoload": {
                "psr-4": {
                    "Webmozart\\Assert\\": "src/"
                }
            },
            "notification-url": "https://packagist.org/downloads/",
            "license": [
                "MIT"
            ],
            "authors": [
                {
                    "name": "Bernhard Schussek",
                    "email": "bschussek@gmail.com"
                }
            ],
            "description": "Assertions to validate method input/output with nice error messages.",
            "keywords": [
                "assert",
                "check",
                "validate"
            ],
            "support": {
                "issues": "https://github.com/webmozarts/assert/issues",
                "source": "https://github.com/webmozarts/assert/tree/1.12.1"
            },
            "time": "2025-10-29T15:56:20+00:00"
        }
    ],
    "aliases": [],
    "minimum-stability": "stable",
    "stability-flags": {},
    "prefer-stable": false,
    "prefer-lowest": false,
    "platform": {},
    "platform-dev": {},
    "plugin-api-version": "2.9.0"
}
